// !$*UTF8*$!
{
	archiveVersion = 1;
	classes = {
	};
	objectVersion = 51;
	objects = {

/* Begin PBXBuildFile section */
		4118D8BA2685A377006C5C4A /* Utilities.swift in Sources */ = {isa = PBXBuildFile; fileRef = 4118D8B92685A377006C5C4A /* Utilities.swift */; };
		4118D8BC2685A566006C5C4A /* GoogleService-Info.plist in Resources */ = {isa = PBXBuildFile; fileRef = 4118D8BB2685A566006C5C4A /* GoogleService-Info.plist */; };
		4118D8BE26870F57006C5C4A /* APIRequest.swift in Sources */ = {isa = PBXBuildFile; fileRef = 4118D8BD26870F57006C5C4A /* APIRequest.swift */; };
		411EA6BC2696C8E900BBEB55 /* InsertPostViewController.swift in Sources */ = {isa = PBXBuildFile; fileRef = 411EA6BB2696C8E900BBEB55 /* InsertPostViewController.swift */; };
		414B53DB268C41F9008D95D1 /* Query.swift in Sources */ = {isa = PBXBuildFile; fileRef = 414B53DA268C41F8008D95D1 /* Query.swift */; };
		414B53DD268C426C008D95D1 /* Model.swift in Sources */ = {isa = PBXBuildFile; fileRef = 414B53DC268C426C008D95D1 /* Model.swift */; };
		4181AE22267641D00095D52F /* AppDelegate.swift in Sources */ = {isa = PBXBuildFile; fileRef = 4181AE21267641D00095D52F /* AppDelegate.swift */; };
		4181AE24267641D00095D52F /* SceneDelegate.swift in Sources */ = {isa = PBXBuildFile; fileRef = 4181AE23267641D00095D52F /* SceneDelegate.swift */; };
		4181AE26267641D00095D52F /* ViewController.swift in Sources */ = {isa = PBXBuildFile; fileRef = 4181AE25267641D00095D52F /* ViewController.swift */; };
		4181AE29267641D00095D52F /* Main.storyboard in Resources */ = {isa = PBXBuildFile; fileRef = 4181AE27267641D00095D52F /* Main.storyboard */; };
		4181AE2B267641D30095D52F /* Assets.xcassets in Resources */ = {isa = PBXBuildFile; fileRef = 4181AE2A267641D30095D52F /* Assets.xcassets */; };
		4181AE2E267641D30095D52F /* LaunchScreen.storyboard in Resources */ = {isa = PBXBuildFile; fileRef = 4181AE2C267641D30095D52F /* LaunchScreen.storyboard */; };
		E8717BFD5C3A07F0764E1DA3 /* Pods_ihasura.framework in Frameworks */ = {isa = PBXBuildFile; fileRef = C5761DA969058C329059CFF9 /* Pods_ihasura.framework */; };
/* End PBXBuildFile section */

/* Begin PBXFileReference section */
		0B59D048EB4C79EA9F84475D /* Pods-ihasura.release.xcconfig */ = {isa = PBXFileReference; includeInIndex = 1; lastKnownFileType = text.xcconfig; name = "Pods-ihasura.release.xcconfig"; path = "Target Support Files/Pods-ihasura/Pods-ihasura.release.xcconfig"; sourceTree = "<group>"; };
		4118D8B92685A377006C5C4A /* Utilities.swift */ = {isa = PBXFileReference; lastKnownFileType = sourcecode.swift; path = Utilities.swift; sourceTree = "<group>"; };
		4118D8BB2685A566006C5C4A /* GoogleService-Info.plist */ = {isa = PBXFileReference; fileEncoding = 4; lastKnownFileType = text.plist.xml; path = "GoogleService-Info.plist"; sourceTree = "<group>"; };
		4118D8BD26870F57006C5C4A /* APIRequest.swift */ = {isa = PBXFileReference; lastKnownFileType = sourcecode.swift; path = APIRequest.swift; sourceTree = "<group>"; };
		411EA6BB2696C8E900BBEB55 /* InsertPostViewController.swift */ = {isa = PBXFileReference; lastKnownFileType = sourcecode.swift; path = InsertPostViewController.swift; sourceTree = "<group>"; };
		414B53DA268C41F8008D95D1 /* Query.swift */ = {isa = PBXFileReference; lastKnownFileType = sourcecode.swift; path = Query.swift; sourceTree = "<group>"; };
		414B53DC268C426C008D95D1 /* Model.swift */ = {isa = PBXFileReference; lastKnownFileType = sourcecode.swift; path = Model.swift; sourceTree = "<group>"; };
		4181AE1E267641D00095D52F /* ihasura.app */ = {isa = PBXFileReference; explicitFileType = wrapper.application; includeInIndex = 0; path = ihasura.app; sourceTree = BUILT_PRODUCTS_DIR; };
		4181AE21267641D00095D52F /* AppDelegate.swift */ = {isa = PBXFileReference; lastKnownFileType = sourcecode.swift; path = AppDelegate.swift; sourceTree = "<group>"; };
		4181AE23267641D00095D52F /* SceneDelegate.swift */ = {isa = PBXFileReference; lastKnownFileType = sourcecode.swift; path = SceneDelegate.swift; sourceTree = "<group>"; };
		4181AE25267641D00095D52F /* ViewController.swift */ = {isa = PBXFileReference; lastKnownFileType = sourcecode.swift; path = ViewController.swift; sourceTree = "<group>"; };
		4181AE28267641D00095D52F /* Base */ = {isa = PBXFileReference; lastKnownFileType = file.storyboard; name = Base; path = Base.lproj/Main.storyboard; sourceTree = "<group>"; };
		4181AE2A267641D30095D52F /* Assets.xcassets */ = {isa = PBXFileReference; lastKnownFileType = folder.assetcatalog; path = Assets.xcassets; sourceTree = "<group>"; };
		4181AE2D267641D30095D52F /* Base */ = {isa = PBXFileReference; lastKnownFileType = file.storyboard; name = Base; path = Base.lproj/LaunchScreen.storyboard; sourceTree = "<group>"; };
		4181AE2F267641D30095D52F /* Info.plist */ = {isa = PBXFileReference; lastKnownFileType = text.plist.xml; path = Info.plist; sourceTree = "<group>"; };
		B58899CCFD69C40D3BB08CD7 /* Pods-ihasura.debug.xcconfig */ = {isa = PBXFileReference; includeInIndex = 1; lastKnownFileType = text.xcconfig; name = "Pods-ihasura.debug.xcconfig"; path = "Target Support Files/Pods-ihasura/Pods-ihasura.debug.xcconfig"; sourceTree = "<group>"; };
		C5761DA969058C329059CFF9 /* Pods_ihasura.framework */ = {isa = PBXFileReference; explicitFileType = wrapper.framework; includeInIndex = 0; path = Pods_ihasura.framework; sourceTree = BUILT_PRODUCTS_DIR; };
/* End PBXFileReference section */

/* Begin PBXFrameworksBuildPhase section */
		4181AE1B267641D00095D52F /* Frameworks */ = {
			isa = PBXFrameworksBuildPhase;
			buildActionMask = 2147483647;
			files = (
				E8717BFD5C3A07F0764E1DA3 /* Pods_ihasura.framework in Frameworks */,
			);
			runOnlyForDeploymentPostprocessing = 0;
		};
/* End PBXFrameworksBuildPhase section */

/* Begin PBXGroup section */
		4181AE15267641D00095D52F = {
			isa = PBXGroup;
			children = (
				4181AE20267641D00095D52F /* ihasura */,
				4181AE1F267641D00095D52F /* Products */,
				F6C607B47F72D2349306B387 /* Pods */,
				FBBC2FA1F6726562D991AB65 /* Frameworks */,
			);
			sourceTree = "<group>";
		};
		4181AE1F267641D00095D52F /* Products */ = {
			isa = PBXGroup;
			children = (
				4181AE1E267641D00095D52F /* ihasura.app */,
			);
			name = Products;
			sourceTree = "<group>";
		};
		4181AE20267641D00095D52F /* ihasura */ = {
			isa = PBXGroup;
			children = (
				4118D8BD26870F57006C5C4A /* APIRequest.swift */,
				4181AE21267641D00095D52F /* AppDelegate.swift */,
				4181AE23267641D00095D52F /* SceneDelegate.swift */,
				4181AE25267641D00095D52F /* ViewController.swift */,
				411EA6BB2696C8E900BBEB55 /* InsertPostViewController.swift */,
				4181AE27267641D00095D52F /* Main.storyboard */,
				4118D8BB2685A566006C5C4A /* GoogleService-Info.plist */,
				4181AE2A267641D30095D52F /* Assets.xcassets */,
				4181AE2C267641D30095D52F /* LaunchScreen.storyboard */,
				4181AE2F267641D30095D52F /* Info.plist */,
				4118D8B92685A377006C5C4A /* Utilities.swift */,
				414B53DA268C41F8008D95D1 /* Query.swift */,
				414B53DC268C426C008D95D1 /* Model.swift */,
			);
			path = ihasura;
			sourceTree = "<group>";
		};
		F6C607B47F72D2349306B387 /* Pods */ = {
			isa = PBXGroup;
			children = (
				B58899CCFD69C40D3BB08CD7 /* Pods-ihasura.debug.xcconfig */,
				0B59D048EB4C79EA9F84475D /* Pods-ihasura.release.xcconfig */,
			);
			path = Pods;
			sourceTree = "<group>";
		};
		FBBC2FA1F6726562D991AB65 /* Frameworks */ = {
			isa = PBXGroup;
			children = (
				C5761DA969058C329059CFF9 /* Pods_ihasura.framework */,
			);
			name = Frameworks;
			sourceTree = "<group>";
		};
/* End PBXGroup section */

/* Begin PBXNativeTarget section */
		4181AE1D267641D00095D52F /* ihasura */ = {
			isa = PBXNativeTarget;
			buildConfigurationList = 4181AE32267641D30095D52F /* Build configuration list for PBXNativeTarget "ihasura" */;
			buildPhases = (
				EACB49C656632BFACAEEA48D /* [CP] Check Pods Manifest.lock */,
				4181AE1A267641D00095D52F /* Sources */,
				4181AE1B267641D00095D52F /* Frameworks */,
				4181AE1C267641D00095D52F /* Resources */,
				8C21B3DAF1C02284B635C5A8 /* [CP] Embed Pods Frameworks */,
				569A05A72AE9B46387C982A6 /* [CP] Copy Pods Resources */,
			);
			buildRules = (
			);
			dependencies = (
			);
			name = ihasura;
			productName = ihasura;
			productReference = 4181AE1E267641D00095D52F /* ihasura.app */;
			productType = "com.apple.product-type.application";
		};
/* End PBXNativeTarget section */

/* Begin PBXProject section */
		4181AE16267641D00095D52F /* Project object */ = {
			isa = PBXProject;
			attributes = {
				LastSwiftUpdateCheck = 1250;
				LastUpgradeCheck = 1250;
				TargetAttributes = {
					4181AE1D267641D00095D52F = {
						CreatedOnToolsVersion = 12.5;
					};
				};
			};
			buildConfigurationList = 4181AE19267641D00095D52F /* Build configuration list for PBXProject "ihasura" */;
			compatibilityVersion = "Xcode 9.3";
			developmentRegion = en;
			hasScannedForEncodings = 0;
			knownRegions = (
				en,
				Base,
			);
			mainGroup = 4181AE15267641D00095D52F;
			productRefGroup = 4181AE1F267641D00095D52F /* Products */;
			projectDirPath = "";
			projectRoot = "";
			targets = (
				4181AE1D267641D00095D52F /* ihasura */,
			);
		};
/* End PBXProject section */

/* Begin PBXResourcesBuildPhase section */
		4181AE1C267641D00095D52F /* Resources */ = {
			isa = PBXResourcesBuildPhase;
			buildActionMask = 2147483647;
			files = (
				4181AE2E267641D30095D52F /* LaunchScreen.storyboard in Resources */,
				4181AE2B267641D30095D52F /* Assets.xcassets in Resources */,
				4181AE29267641D00095D52F /* Main.storyboard in Resources */,
				4118D8BC2685A566006C5C4A /* GoogleService-Info.plist in Resources */,
			);
			runOnlyForDeploymentPostprocessing = 0;
		};
/* End PBXResourcesBuildPhase section */

/* Begin PBXShellScriptBuildPhase section */
		569A05A72AE9B46387C982A6 /* [CP] Copy Pods Resources */ = {
			isa = PBXShellScriptBuildPhase;
			buildActionMask = 2147483647;
			files = (
			);
			inputFileListPaths = (
				"${PODS_ROOT}/Target Support Files/Pods-ihasura/Pods-ihasura-resources-${CONFIGURATION}-input-files.xcfilelist",
			);
			name = "[CP] Copy Pods Resources";
			outputFileListPaths = (
				"${PODS_ROOT}/Target Support Files/Pods-ihasura/Pods-ihasura-resources-${CONFIGURATION}-output-files.xcfilelist",
			);
			runOnlyForDeploymentPostprocessing = 0;
			shellPath = /bin/sh;
			shellScript = "\"${PODS_ROOT}/Target Support Files/Pods-ihasura/Pods-ihasura-resources.sh\"\n";
			showEnvVarsInLog = 0;
		};
		8C21B3DAF1C02284B635C5A8 /* [CP] Embed Pods Frameworks */ = {
			isa = PBXShellScriptBuildPhase;
			buildActionMask = 2147483647;
			files = (
			);
			inputFileListPaths = (
				"${PODS_ROOT}/Target Support Files/Pods-ihasura/Pods-ihasura-frameworks-${CONFIGURATION}-input-files.xcfilelist",
			);
			name = "[CP] Embed Pods Frameworks";
			outputFileListPaths = (
				"${PODS_ROOT}/Target Support Files/Pods-ihasura/Pods-ihasura-frameworks-${CONFIGURATION}-output-files.xcfilelist",
			);
			runOnlyForDeploymentPostprocessing = 0;
			shellPath = /bin/sh;
			shellScript = "\"${PODS_ROOT}/Target Support Files/Pods-ihasura/Pods-ihasura-frameworks.sh\"\n";
			showEnvVarsInLog = 0;
		};
		EACB49C656632BFACAEEA48D /* [CP] Check Pods Manifest.lock */ = {
			isa = PBXShellScriptBuildPhase;
			buildActionMask = 2147483647;
			files = (
			);
			inputFileListPaths = (
			);
			inputPaths = (
				"${PODS_PODFILE_DIR_PATH}/Podfile.lock",
				"${PODS_ROOT}/Manifest.lock",
			);
			name = "[CP] Check Pods Manifest.lock";
			outputFileListPaths = (
			);
			outputPaths = (
				"$(DERIVED_FILE_DIR)/Pods-ihasura-checkManifestLockResult.txt",
			);
			runOnlyForDeploymentPostprocessing = 0;
			shellPath = /bin/sh;
			shellScript = "diff \"${PODS_PODFILE_DIR_PATH}/Podfile.lock\" \"${PODS_ROOT}/Manifest.lock\" > /dev/null\nif [ $? != 0 ] ; then\n    # print error to STDERR\n    echo \"error: The sandbox is not in sync with the Podfile.lock. Run 'pod install' or update your CocoaPods installation.\" >&2\n    exit 1\nfi\n# This output is used by Xcode 'outputs' to avoid re-running this script phase.\necho \"SUCCESS\" > \"${SCRIPT_OUTPUT_FILE_0}\"\n";
			showEnvVarsInLog = 0;
		};
/* End PBXShellScriptBuildPhase section */

/* Begin PBXSourcesBuildPhase section */
		4181AE1A267641D00095D52F /* Sources */ = {
			isa = PBXSourcesBuildPhase;
			buildActionMask = 2147483647;
			files = (
				414B53DD268C426C008D95D1 /* Model.swift in Sources */,
				4181AE26267641D00095D52F /* ViewController.swift in Sources */,
				4181AE22267641D00095D52F /* AppDelegate.swift in Sources */,
				411EA6BC2696C8E900BBEB55 /* InsertPostViewController.swift in Sources */,
				4118D8BA2685A377006C5C4A /* Utilities.swift in Sources */,
				4118D8BE26870F57006C5C4A /* APIRequest.swift in Sources */,
				414B53DB268C41F9008D95D1 /* Query.swift in Sources */,
				4181AE24267641D00095D52F /* SceneDelegate.swift in Sources */,
			);
			runOnlyForDeploymentPostprocessing = 0;
		};
/* End PBXSourcesBuildPhase section */

/* Begin PBXVariantGroup section */
		4181AE27267641D00095D52F /* Main.storyboard */ = {
			isa = PBXVariantGroup;
			children = (
				4181AE28267641D00095D52F /* Base */,
			);
			name = Main.storyboard;
			sourceTree = "<group>";
		};
		4181AE2C267641D30095D52F /* LaunchScreen.storyboard */ = {
			isa = PBXVariantGroup;
			children = (
				4181AE2D267641D30095D52F /* Base */,
			);
			name = LaunchScreen.storyboard;
			sourceTree = "<group>";
		};
/* End PBXVariantGroup section */

/* Begin XCBuildConfiguration section */
		4181AE30267641D30095D52F /* Debug */ = {
			isa = XCBuildConfiguration;
			buildSettings = {
				ALWAYS_SEARCH_USER_PATHS = NO;
				CLANG_ANALYZER_NONNULL = YES;
				CLANG_ANALYZER_NUMBER_OBJECT_CONVERSION = YES_AGGRESSIVE;
				CLANG_CXX_LANGUAGE_STANDARD = "gnu++14";
				CLANG_CXX_LIBRARY = "libc++";
				CLANG_ENABLE_MODULES = YES;
				CLANG_ENABLE_OBJC_ARC = YES;
				CLANG_ENABLE_OBJC_WEAK = YES;
				CLANG_WARN_BLOCK_CAPTURE_AUTORELEASING = YES;
				CLANG_WARN_BOOL_CONVERSION = YES;
				CLANG_WARN_COMMA = YES;
				CLANG_WARN_CONSTANT_CONVERSION = YES;
				CLANG_WARN_DEPRECATED_OBJC_IMPLEMENTATIONS = YES;
				CLANG_WARN_DIRECT_OBJC_ISA_USAGE = YES_ERROR;
				CLANG_WARN_DOCUMENTATION_COMMENTS = YES;
				CLANG_WARN_EMPTY_BODY = YES;
				CLANG_WARN_ENUM_CONVERSION = YES;
				CLANG_WARN_INFINITE_RECURSION = YES;
				CLANG_WARN_INT_CONVERSION = YES;
				CLANG_WARN_NON_LITERAL_NULL_CONVERSION = YES;
				CLANG_WARN_OBJC_IMPLICIT_RETAIN_SELF = YES;
				CLANG_WARN_OBJC_LITERAL_CONVERSION = YES;
				CLANG_WARN_OBJC_ROOT_CLASS = YES_ERROR;
				CLANG_WARN_QUOTED_INCLUDE_IN_FRAMEWORK_HEADER = YES;
				CLANG_WARN_RANGE_LOOP_ANALYSIS = YES;
				CLANG_WARN_STRICT_PROTOTYPES = YES;
				CLANG_WARN_SUSPICIOUS_MOVE = YES;
				CLANG_WARN_UNGUARDED_AVAILABILITY = YES_AGGRESSIVE;
				CLANG_WARN_UNREACHABLE_CODE = YES;
				CLANG_WARN__DUPLICATE_METHOD_MATCH = YES;
				COPY_PHASE_STRIP = NO;
				DEBUG_INFORMATION_FORMAT = dwarf;
				ENABLE_STRICT_OBJC_MSGSEND = YES;
				ENABLE_TESTABILITY = YES;
				GCC_C_LANGUAGE_STANDARD = gnu11;
				GCC_DYNAMIC_NO_PIC = NO;
				GCC_NO_COMMON_BLOCKS = YES;
				GCC_OPTIMIZATION_LEVEL = 0;
				GCC_PREPROCESSOR_DEFINITIONS = (
					"DEBUG=1",
					"$(inherited)",
				);
				GCC_WARN_64_TO_32_BIT_CONVERSION = YES;
				GCC_WARN_ABOUT_RETURN_TYPE = YES_ERROR;
				GCC_WARN_UNDECLARED_SELECTOR = YES;
				GCC_WARN_UNINITIALIZED_AUTOS = YES_AGGRESSIVE;
				GCC_WARN_UNUSED_FUNCTION = YES;
				GCC_WARN_UNUSED_VARIABLE = YES;
				IPHONEOS_DEPLOYMENT_TARGET = 13.0;
				MTL_ENABLE_DEBUG_INFO = INCLUDE_SOURCE;
				MTL_FAST_MATH = YES;
				ONLY_ACTIVE_ARCH = YES;
				SDKROOT = iphoneos;
				SWIFT_ACTIVE_COMPILATION_CONDITIONS = DEBUG;
				SWIFT_OPTIMIZATION_LEVEL = "-Onone";
			};
			name = Debug;
		};
		4181AE31267641D30095D52F /* Release */ = {
			isa = XCBuildConfiguration;
			buildSettings = {
				ALWAYS_SEARCH_USER_PATHS = NO;
				CLANG_ANALYZER_NONNULL = YES;
				CLANG_ANALYZER_NUMBER_OBJECT_CONVERSION = YES_AGGRESSIVE;
				CLANG_CXX_LANGUAGE_STANDARD = "gnu++14";
				CLANG_CXX_LIBRARY = "libc++";
				CLANG_ENABLE_MODULES = YES;
				CLANG_ENABLE_OBJC_ARC = YES;
				CLANG_ENABLE_OBJC_WEAK = YES;
				CLANG_WARN_BLOCK_CAPTURE_AUTORELEASING = YES;
				CLANG_WARN_BOOL_CONVERSION = YES;
				CLANG_WARN_COMMA = YES;
				CLANG_WARN_CONSTANT_CONVERSION = YES;
				CLANG_WARN_DEPRECATED_OBJC_IMPLEMENTATIONS = YES;
				CLANG_WARN_DIRECT_OBJC_ISA_USAGE = YES_ERROR;
				CLANG_WARN_DOCUMENTATION_COMMENTS = YES;
				CLANG_WARN_EMPTY_BODY = YES;
				CLANG_WARN_ENUM_CONVERSION = YES;
				CLANG_WARN_INFINITE_RECURSION = YES;
				CLANG_WARN_INT_CONVERSION = YES;
				CLANG_WARN_NON_LITERAL_NULL_CONVERSION = YES;
				CLANG_WARN_OBJC_IMPLICIT_RETAIN_SELF = YES;
				CLANG_WARN_OBJC_LITERAL_CONVERSION = YES;
				CLANG_WARN_OBJC_ROOT_CLASS = YES_ERROR;
				CLANG_WARN_QUOTED_INCLUDE_IN_FRAMEWORK_HEADER = YES;
				CLANG_WARN_RANGE_LOOP_ANALYSIS = YES;
				CLANG_WARN_STRICT_PROTOTYPES = YES;
				CLANG_WARN_SUSPICIOUS_MOVE = YES;
				CLANG_WARN_UNGUARDED_AVAILABILITY = YES_AGGRESSIVE;
				CLANG_WARN_UNREACHABLE_CODE = YES;
				CLANG_WARN__DUPLICATE_METHOD_MATCH = YES;
				COPY_PHASE_STRIP = NO;
				DEBUG_INFORMATION_FORMAT = "dwarf-with-dsym";
				ENABLE_NS_ASSERTIONS = NO;
				ENABLE_STRICT_OBJC_MSGSEND = YES;
				GCC_C_LANGUAGE_STANDARD = gnu11;
				GCC_NO_COMMON_BLOCKS = YES;
				GCC_WARN_64_TO_32_BIT_CONVERSION = YES;
				GCC_WARN_ABOUT_RETURN_TYPE = YES_ERROR;
				GCC_WARN_UNDECLARED_SELECTOR = YES;
				GCC_WARN_UNINITIALIZED_AUTOS = YES_AGGRESSIVE;
				GCC_WARN_UNUSED_FUNCTION = YES;
				GCC_WARN_UNUSED_VARIABLE = YES;
				IPHONEOS_DEPLOYMENT_TARGET = 13.0;
				MTL_ENABLE_DEBUG_INFO = NO;
				MTL_FAST_MATH = YES;
				SDKROOT = iphoneos;
				SWIFT_COMPILATION_MODE = wholemodule;
				SWIFT_OPTIMIZATION_LEVEL = "-O";
				VALIDATE_PRODUCT = YES;
			};
			name = Release;
		};
		4181AE33267641D30095D52F /* Debug */ = {
			isa = XCBuildConfiguration;
			baseConfigurationReference = B58899CCFD69C40D3BB08CD7 /* Pods-ihasura.debug.xcconfig */;
			buildSettings = {
				ASSETCATALOG_COMPILER_APPICON_NAME = AppIcon;
				ASSETCATALOG_COMPILER_GLOBAL_ACCENT_COLOR_NAME = AccentColor;
				CODE_SIGN_STYLE = Automatic;
				DEVELOPMENT_TEAM = EPRAJ965WT;
				INFOPLIST_FILE = ihasura/Info.plist;
				IPHONEOS_DEPLOYMENT_TARGET = 13.0;
				LD_RUNPATH_SEARCH_PATHS = (
					"$(inherited)",
					"@executable_path/Frameworks",
				);
				PRODUCT_BUNDLE_IDENTIFIER = com.demo.ihasura;
				PRODUCT_NAME = "$(TARGET_NAME)";
				SWIFT_VERSION = 5.0;
				TARGETED_DEVICE_FAMILY = "1,2";
			};
			name = Debug;
		};
		4181AE34267641D30095D52F /* Release */ = {
			isa = XCBuildConfiguration;
			baseConfigurationReference = 0B59D048EB4C79EA9F84475D /* Pods-ihasura.release.xcconfig */;
			buildSettings = {
				ASSETCATALOG_COMPILER_APPICON_NAME = AppIcon;
				ASSETCATALOG_COMPILER_GLOBAL_ACCENT_COLOR_NAME = AccentColor;
				CODE_SIGN_STYLE = Automatic;
				DEVELOPMENT_TEAM = EPRAJ965WT;
				INFOPLIST_FILE = ihasura/Info.plist;
				IPHONEOS_DEPLOYMENT_TARGET = 13.0;
				LD_RUNPATH_SEARCH_PATHS = (
					"$(inherited)",
					"@executable_path/Frameworks",
				);
				PRODUCT_BUNDLE_IDENTIFIER = com.demo.ihasura;
				PRODUCT_NAME = "$(TARGET_NAME)";
				SWIFT_VERSION = 5.0;
				TARGETED_DEVICE_FAMILY = "1,2";
			};
			name = Release;
		};
/* End XCBuildConfiguration section */

/* Begin XCConfigurationList section */
		4181AE19267641D00095D52F /* Build configuration list for PBXProject "ihasura" */ = {
			isa = XCConfigurationList;
			buildConfigurations = (
				4181AE30267641D30095D52F /* Debug */,
				4181AE31267641D30095D52F /* Release */,
			);
			defaultConfigurationIsVisible = 0;
			defaultConfigurationName = Release;
		};
		4181AE32267641D30095D52F /* Build configuration list for PBXNativeTarget "ihasura" */ = {
			isa = XCConfigurationList;
			buildConfigurations = (
				4181AE33267641D30095D52F /* Debug */,
				4181AE34267641D30095D52F /* Release */,
			);
			defaultConfigurationIsVisible = 0;
			defaultConfigurationName = Release;
		};
/* End XCConfigurationList section */
	};
	rootObject = 4181AE16267641D00095D52F /* Project object */;
}
